
Microsoft Visual Studio Solution File, Format Version 12.00
# Visual Studio Version 16
VisualStudioVersion = 16.0.29728.190
MinimumVisualStudioVersion = 10.0.40219.1
Project("{FAE04EC0-301F-11D3-BF4B-00C04F79EFBC}") = "TrashCollectionApp", "TrashCollectionApp\TrashCollectionApp.csproj", "{CDDD6B6E-AF39-411D-BA87-8B90B8C60EBD}"
EndProject
Global
	GlobalSection(SolutionConfigurationPlatforms) = preSolution
		Debug|Any CPU = Debug|Any CPU
		Release|Any CPU = Release|Any CPU
	EndGlobalSection
	GlobalSection(ProjectConfigurationPlatforms) = postSolution
		{CDDD6B6E-AF39-411D-BA87-8B90B8C60EBD}.Debug|Any CPU.ActiveCfg = Debug|Any CPU
		{CDDD6B6E-AF39-411D-BA87-8B90B8C60EBD}.Debug|Any CPU.Build.0 = Debug|Any CPU
		{CDDD6B6E-AF39-411D-BA87-8B90B8C60EBD}.Release|Any CPU.ActiveCfg = Release|Any CPU
		{CDDD6B6E-AF39-411D-BA87-8B90B8C60EBD}.Release|Any CPU.Build.0 = Release|Any CPU
	EndGlobalSection
	GlobalSection(SolutionProperties) = preSolution
		HideSolutionNode = FALSE
	EndGlobalSection
	GlobalSection(ExtensibilityGlobals) = postSolution
		SolutionGuid = {2FE82CE1-4CAF-4DBB-A1E7-29A6D0E8352B}
	EndGlobalSection
EndGlobal
